
Microsoft Visual Studio Solution File, Format Version 12.00
# Visual Studio Version 17
VisualStudioVersion = 17.4.33213.308
MinimumVisualStudioVersion = 10.0.40219.1
Project("{FAE04EC0-301F-11D3-BF4B-00C04F79EFBC}") = "MinGenericMethod", "MinGenericMethod\MinGenericMethod.csproj", "{685D5929-3134-4B75-955D-7EEDD4E199FA}"
EndProject
Global
	GlobalSection(SolutionConfigurationPlatforms) = preSolution
		Debug|Any CPU = Debug|Any CPU
		Release|Any CPU = Release|Any CPU
	EndGlobalSection
	GlobalSection(ProjectConfigurationPlatforms) = postSolution
		{685D5929-3134-4B75-955D-7EEDD4E199FA}.Debug|Any CPU.ActiveCfg = Debug|Any CPU
		{685D5929-3134-4B75-955D-7EEDD4E199FA}.Debug|Any CPU.Build.0 = Debug|Any CPU
		{685D5929-3134-4B75-955D-7EEDD4E199FA}.Release|Any CPU.ActiveCfg = Release|Any CPU
		{685D5929-3134-4B75-955D-7EEDD4E199FA}.Release|Any CPU.Build.0 = Release|Any CPU
	EndGlobalSection
	GlobalSection(SolutionProperties) = preSolution
		HideSolutionNode = FALSE
	EndGlobalSection
	GlobalSection(ExtensibilityGlobals) = postSolution
		SolutionGuid = {9BF0188C-D16D-429E-B045-6DD5812EC656}
	EndGlobalSection
EndGlobal
